
Microsoft Visual Studio Solution File, Format Version 12.00
# Visual Studio 15
VisualStudioVersion = 15.0.28307.779
MinimumVisualStudioVersion = 10.0.40219.1
Project("{FAE04EC0-301F-11D3-BF4B-00C04F79EFBC}") = "AdminLTEProject", "AdminLTEProject\AdminLTEProject.csproj", "{B4A3242A-D892-4561-BDA3-F0BCFC1D54D6}"
EndProject
Global
	GlobalSection(SolutionConfigurationPlatforms) = preSolution
		Debug|Any CPU = Debug|Any CPU
		Release|Any CPU = Release|Any CPU
	EndGlobalSection
	GlobalSection(ProjectConfigurationPlatforms) = postSolution
		{B4A3242A-D892-4561-BDA3-F0BCFC1D54D6}.Debug|Any CPU.ActiveCfg = Debug|Any CPU
		{B4A3242A-D892-4561-BDA3-F0BCFC1D54D6}.Debug|Any CPU.Build.0 = Debug|Any CPU
		{B4A3242A-D892-4561-BDA3-F0BCFC1D54D6}.Release|Any CPU.ActiveCfg = Release|Any CPU
		{B4A3242A-D892-4561-BDA3-F0BCFC1D54D6}.Release|Any CPU.Build.0 = Release|Any CPU
	EndGlobalSection
	GlobalSection(SolutionProperties) = preSolution
		HideSolutionNode = FALSE
	EndGlobalSection
	GlobalSection(ExtensibilityGlobals) = postSolution
		SolutionGuid = {D1DAE4DD-F4A4-4C08-9E87-3736BF894610}
	EndGlobalSection
EndGlobal
